
Microsoft Visual Studio Solution File, Format Version 12.00
# Visual Studio Version 17
VisualStudioVersion = 17.14.36408.4
MinimumVisualStudioVersion = 10.0.40219.1
Project("{FAE04EC0-301F-11D3-BF4B-00C04F79EFBC}") = "Ejercicio1", "Ejercicio1\Ejercicio1.csproj", "{40E35383-8A9F-45AB-A2E4-AACFA011B6BE}"
EndProject
Project("{FAE04EC0-301F-11D3-BF4B-00C04F79EFBC}") = "Ejercicio2", "Ejercicio2\Ejercicio2.csproj", "{1C410A73-3244-4968-8AB0-49DB2F0222A7}"
EndProject
Global
	GlobalSection(SolutionConfigurationPlatforms) = preSolution
		Debug|Any CPU = Debug|Any CPU
		Release|Any CPU = Release|Any CPU
	EndGlobalSection
	GlobalSection(ProjectConfigurationPlatforms) = postSolution
		{40E35383-8A9F-45AB-A2E4-AACFA011B6BE}.Debug|Any CPU.ActiveCfg = Debug|Any CPU
		{40E35383-8A9F-45AB-A2E4-AACFA011B6BE}.Debug|Any CPU.Build.0 = Debug|Any CPU
		{40E35383-8A9F-45AB-A2E4-AACFA011B6BE}.Release|Any CPU.ActiveCfg = Release|Any CPU
		{40E35383-8A9F-45AB-A2E4-AACFA011B6BE}.Release|Any CPU.Build.0 = Release|Any CPU
		{1C410A73-3244-4968-8AB0-49DB2F0222A7}.Debug|Any CPU.ActiveCfg = Debug|Any CPU
		{1C410A73-3244-4968-8AB0-49DB2F0222A7}.Debug|Any CPU.Build.0 = Debug|Any CPU
		{1C410A73-3244-4968-8AB0-49DB2F0222A7}.Release|Any CPU.ActiveCfg = Release|Any CPU
		{1C410A73-3244-4968-8AB0-49DB2F0222A7}.Release|Any CPU.Build.0 = Release|Any CPU
	EndGlobalSection
	GlobalSection(SolutionProperties) = preSolution
		HideSolutionNode = FALSE
	EndGlobalSection
	GlobalSection(ExtensibilityGlobals) = postSolution
		SolutionGuid = {6E61B1A4-2546-4B5E-9E15-E422B4896FDE}
	EndGlobalSection
EndGlobal
